// !$*UTF8*$!
{
	archiveVersion = 1;
	classes = {
	};
	objectVersion = 50;
	objects = {

/* Begin PBXBuildFile section */
		7F38FE8D23CE576F00BEF547 /* AppDelegate.swift in Sources */ = {isa = PBXBuildFile; fileRef = 7F38FE8C23CE576F00BEF547 /* AppDelegate.swift */; };
		7F38FE8F23CE576F00BEF547 /* ViewController.swift in Sources */ = {isa = PBXBuildFile; fileRef = 7F38FE8E23CE576F00BEF547 /* ViewController.swift */; };
		7F38FE9223CE577000BEF547 /* Main.storyboard in Resources */ = {isa = PBXBuildFile; fileRef = 7F38FE9023CE577000BEF547 /* Main.storyboard */; };
		7F38FE9423CE577100BEF547 /* Assets.xcassets in Resources */ = {isa = PBXBuildFile; fileRef = 7F38FE9323CE577100BEF547 /* Assets.xcassets */; };
		7F38FE9723CE577100BEF547 /* LaunchScreen.storyboard in Resources */ = {isa = PBXBuildFile; fileRef = 7F38FE9523CE577100BEF547 /* LaunchScreen.storyboard */; };
		7F38FEA223CE577100BEF547 /* Hackwich_1Tests.swift in Sources */ = {isa = PBXBuildFile; fileRef = 7F38FEA123CE577100BEF547 /* Hackwich_1Tests.swift */; };
		7F38FEAD23CE577100BEF547 /* Hackwich_1UITests.swift in Sources */ = {isa = PBXBuildFile; fileRef = 7F38FEAC23CE577100BEF547 /* Hackwich_1UITests.swift */; };
/* End PBXBuildFile section */

/* Begin PBXContainerItemProxy section */
		7F38FE9E23CE577100BEF547 /* PBXContainerItemProxy */ = {
			isa = PBXContainerItemProxy;
			containerPortal = 7F38FE8123CE576F00BEF547 /* Project object */;
			proxyType = 1;
			remoteGlobalIDString = 7F38FE8823CE576F00BEF547;
			remoteInfo = "Hackwich 1";
		};
		7F38FEA923CE577100BEF547 /* PBXContainerItemProxy */ = {
			isa = PBXContainerItemProxy;
			containerPortal = 7F38FE8123CE576F00BEF547 /* Project object */;
			proxyType = 1;
			remoteGlobalIDString = 7F38FE8823CE576F00BEF547;
			remoteInfo = "Hackwich 1";
		};
/* End PBXContainerItemProxy section */

/* Begin PBXFileReference section */
		7F38FE8923CE576F00BEF547 /* Hackwich 1.app */ = {isa = PBXFileReference; explicitFileType = wrapper.application; includeInIndex = 0; path = "Hackwich 1.app"; sourceTree = BUILT_PRODUCTS_DIR; };
		7F38FE8C23CE576F00BEF547 /* AppDelegate.swift */ = {isa = PBXFileReference; lastKnownFileType = sourcecode.swift; path = AppDelegate.swift; sourceTree = "<group>"; };
		7F38FE8E23CE576F00BEF547 /* ViewController.swift */ = {isa = PBXFileReference; lastKnownFileType = sourcecode.swift; path = ViewController.swift; sourceTree = "<group>"; };
		7F38FE9123CE577000BEF547 /* Base */ = {isa = PBXFileReference; lastKnownFileType = file.storyboard; name = Base; path = Base.lproj/Main.storyboard; sourceTree = "<group>"; };
		7F38FE9323CE577100BEF547 /* Assets.xcassets */ = {isa = PBXFileReference; lastKnownFileType = folder.assetcatalog; path = Assets.xcassets; sourceTree = "<group>"; };
		7F38FE9623CE577100BEF547 /* Base */ = {isa = PBXFileReference; lastKnownFileType = file.storyboard; name = Base; path = Base.lproj/LaunchScreen.storyboard; sourceTree = "<group>"; };
		7F38FE9823CE577100BEF547 /* Info.plist */ = {isa = PBXFileReference; lastKnownFileType = text.plist.xml; path = Info.plist; sourceTree = "<group>"; };
		7F38FE9D23CE577100BEF547 /* Hackwich 1Tests.xctest */ = {isa = PBXFileReference; explicitFileType = wrapper.cfbundle; includeInIndex = 0; path = "Hackwich 1Tests.xctest"; sourceTree = BUILT_PRODUCTS_DIR; };
		7F38FEA123CE577100BEF547 /* Hackwich_1Tests.swift */ = {isa = PBXFileReference; lastKnownFileType = sourcecode.swift; path = Hackwich_1Tests.swift; sourceTree = "<group>"; };
		7F38FEA323CE577100BEF547 /* Info.plist */ = {isa = PBXFileReference; lastKnownFileType = text.plist.xml; path = Info.plist; sourceTree = "<group>"; };
		7F38FEA823CE577100BEF547 /* Hackwich 1UITests.xctest */ = {isa = PBXFileReference; explicitFileType = wrapper.cfbundle; includeInIndex = 0; path = "Hackwich 1UITests.xctest"; sourceTree = BUILT_PRODUCTS_DIR; };
		7F38FEAC23CE577100BEF547 /* Hackwich_1UITests.swift */ = {isa = PBXFileReference; lastKnownFileType = sourcecode.swift; path = Hackwich_1UITests.swift; sourceTree = "<group>"; };
		7F38FEAE23CE577100BEF547 /* Info.plist */ = {isa = PBXFileReference; lastKnownFileType = text.plist.xml; path = Info.plist; sourceTree = "<group>"; };
/* End PBXFileReference section */

/* Begin PBXFrameworksBuildPhase section */
		7F38FE8623CE576F00BEF547 /* Frameworks */ = {
			isa = PBXFrameworksBuildPhase;
			buildActionMask = 2147483647;
			files = (
			);
			runOnlyForDeploymentPostprocessing = 0;
		};
		7F38FE9A23CE577100BEF547 /* Frameworks */ = {
			isa = PBXFrameworksBuildPhase;
			buildActionMask = 2147483647;
			files = (
			);
			runOnlyForDeploymentPostprocessing = 0;
		};
		7F38FEA523CE577100BEF547 /* Frameworks */ = {
			isa = PBXFrameworksBuildPhase;
			buildActionMask = 2147483647;
			files = (
			);
			runOnlyForDeploymentPostprocessing = 0;
		};
/* End PBXFrameworksBuildPhase section */

/* Begin PBXGroup section */
		7F38FE8023CE576F00BEF547 = {
			isa = PBXGroup;
			children = (
				7F38FE8B23CE576F00BEF547 /* Hackwich 1 */,
				7F38FEA023CE577100BEF547 /* Hackwich 1Tests */,
				7F38FEAB23CE577100BEF547 /* Hackwich 1UITests */,
				7F38FE8A23CE576F00BEF547 /* Products */,
			);
			sourceTree = "<group>";
		};
		7F38FE8A23CE576F00BEF547 /* Products */ = {
			isa = PBXGroup;
			children = (
				7F38FE8923CE576F00BEF547 /* Hackwich 1.app */,
				7F38FE9D23CE577100BEF547 /* Hackwich 1Tests.xctest */,
				7F38FEA823CE577100BEF547 /* Hackwich 1UITests.xctest */,
			);
			name = Products;
			sourceTree = "<group>";
		};
		7F38FE8B23CE576F00BEF547 /* Hackwich 1 */ = {
			isa = PBXGroup;
			children = (
				7F38FE8C23CE576F00BEF547 /* AppDelegate.swift */,
				7F38FE8E23CE576F00BEF547 /* ViewController.swift */,
				7F38FE9023CE577000BEF547 /* Main.storyboard */,
				7F38FE9323CE577100BEF547 /* Assets.xcassets */,
				7F38FE9523CE577100BEF547 /* LaunchScreen.storyboard */,
				7F38FE9823CE577100BEF547 /* Info.plist */,
			);
			path = "Hackwich 1";
			sourceTree = "<group>";
		};
		7F38FEA023CE577100BEF547 /* Hackwich 1Tests */ = {
			isa = PBXGroup;
			children = (
				7F38FEA123CE577100BEF547 /* Hackwich_1Tests.swift */,
				7F38FEA323CE577100BEF547 /* Info.plist */,
			);
			path = "Hackwich 1Tests";
			sourceTree = "<group>";
		};
		7F38FEAB23CE577100BEF547 /* Hackwich 1UITests */ = {
			isa = PBXGroup;
			children = (
				7F38FEAC23CE577100BEF547 /* Hackwich_1UITests.swift */,
				7F38FEAE23CE577100BEF547 /* Info.plist */,
			);
			path = "Hackwich 1UITests";
			sourceTree = "<group>";
		};
/* End PBXGroup section */

/* Begin PBXNativeTarget section */
		7F38FE8823CE576F00BEF547 /* Hackwich 1 */ = {
			isa = PBXNativeTarget;
			buildConfigurationList = 7F38FEB123CE577100BEF547 /* Build configuration list for PBXNativeTarget "Hackwich 1" */;
			buildPhases = (
				7F38FE8523CE576F00BEF547 /* Sources */,
				7F38FE8623CE576F00BEF547 /* Frameworks */,
				7F38FE8723CE576F00BEF547 /* Resources */,
			);
			buildRules = (
			);
			dependencies = (
			);
			name = "Hackwich 1";
			productName = "Hackwich 1";
			productReference = 7F38FE8923CE576F00BEF547 /* Hackwich 1.app */;
			productType = "com.apple.product-type.application";
		};
		7F38FE9C23CE577100BEF547 /* Hackwich 1Tests */ = {
			isa = PBXNativeTarget;
			buildConfigurationList = 7F38FEB423CE577100BEF547 /* Build configuration list for PBXNativeTarget "Hackwich 1Tests" */;
			buildPhases = (
				7F38FE9923CE577100BEF547 /* Sources */,
				7F38FE9A23CE577100BEF547 /* Frameworks */,
				7F38FE9B23CE577100BEF547 /* Resources */,
			);
			buildRules = (
			);
			dependencies = (
				7F38FE9F23CE577100BEF547 /* PBXTargetDependency */,
			);
			name = "Hackwich 1Tests";
			productName = "Hackwich 1Tests";
			productReference = 7F38FE9D23CE577100BEF547 /* Hackwich 1Tests.xctest */;
			productType = "com.apple.product-type.bundle.unit-test";
		};
		7F38FEA723CE577100BEF547 /* Hackwich 1UITests */ = {
			isa = PBXNativeTarget;
			buildConfigurationList = 7F38FEB723CE577100BEF547 /* Build configuration list for PBXNativeTarget "Hackwich 1UITests" */;
			buildPhases = (
				7F38FEA423CE577100BEF547 /* Sources */,
				7F38FEA523CE577100BEF547 /* Frameworks */,
				7F38FEA623CE577100BEF547 /* Resources */,
			);
			buildRules = (
			);
			dependencies = (
				7F38FEAA23CE577100BEF547 /* PBXTargetDependency */,
			);
			name = "Hackwich 1UITests";
			productName = "Hackwich 1UITests";
			productReference = 7F38FEA823CE577100BEF547 /* Hackwich 1UITests.xctest */;
			productType = "com.apple.product-type.bundle.ui-testing";
		};
/* End PBXNativeTarget section */

/* Begin PBXProject section */
		7F38FE8123CE576F00BEF547 /* Project object */ = {
			isa = PBXProject;
			attributes = {
				LastSwiftUpdateCheck = 1010;
				LastUpgradeCheck = 1010;
				ORGANIZATIONNAME = "CM Student";
				TargetAttributes = {
					7F38FE8823CE576F00BEF547 = {
						CreatedOnToolsVersion = 10.1;
					};
					7F38FE9C23CE577100BEF547 = {
						CreatedOnToolsVersion = 10.1;
						TestTargetID = 7F38FE8823CE576F00BEF547;
					};
					7F38FEA723CE577100BEF547 = {
						CreatedOnToolsVersion = 10.1;
						TestTargetID = 7F38FE8823CE576F00BEF547;
					};
				};
			};
			buildConfigurationList = 7F38FE8423CE576F00BEF547 /* Build configuration list for PBXProject "Hackwich 1" */;
			compatibilityVersion = "Xcode 9.3";
			developmentRegion = en;
			hasScannedForEncodings = 0;
			knownRegions = (
				en,
				Base,
			);
			mainGroup = 7F38FE8023CE576F00BEF547;
			productRefGroup = 7F38FE8A23CE576F00BEF547 /* Products */;
			projectDirPath = "";
			projectRoot = "";
			targets = (
				7F38FE8823CE576F00BEF547 /* Hackwich 1 */,
				7F38FE9C23CE577100BEF547 /* Hackwich 1Tests */,
				7F38FEA723CE577100BEF547 /* Hackwich 1UITests */,
			);
		};
/* End PBXProject section */

/* Begin PBXResourcesBuildPhase section */
		7F38FE8723CE576F00BEF547 /* Resources */ = {
			isa = PBXResourcesBuildPhase;
			buildActionMask = 2147483647;
			files = (
				7F38FE9723CE577100BEF547 /* LaunchScreen.storyboard in Resources */,
				7F38FE9423CE577100BEF547 /* Assets.xcassets in Resources */,
				7F38FE9223CE577000BEF547 /* Main.storyboard in Resources */,
			);
			runOnlyForDeploymentPostprocessing = 0;
		};
		7F38FE9B23CE577100BEF547 /* Resources */ = {
			isa = PBXResourcesBuildPhase;
			buildActionMask = 2147483647;
			files = (
			);
			runOnlyForDeploymentPostprocessing = 0;
		};
		7F38FEA623CE577100BEF547 /* Resources */ = {
			isa = PBXResourcesBuildPhase;
			buildActionMask = 2147483647;
			files = (
			);
			runOnlyForDeploymentPostprocessing = 0;
		};
/* End PBXResourcesBuildPhase section */

/* Begin PBXSourcesBuildPhase section */
		7F38FE8523CE576F00BEF547 /* Sources */ = {
			isa = PBXSourcesBuildPhase;
			buildActionMask = 2147483647;
			files = (
				7F38FE8F23CE576F00BEF547 /* ViewController.swift in Sources */,
				7F38FE8D23CE576F00BEF547 /* AppDelegate.swift in Sources */,
			);
			runOnlyForDeploymentPostprocessing = 0;
		};
		7F38FE9923CE577100BEF547 /* Sources */ = {
			isa = PBXSourcesBuildPhase;
			buildActionMask = 2147483647;
			files = (
				7F38FEA223CE577100BEF547 /* Hackwich_1Tests.swift in Sources */,
			);
			runOnlyForDeploymentPostprocessing = 0;
		};
		7F38FEA423CE577100BEF547 /* Sources */ = {
			isa = PBXSourcesBuildPhase;
			buildActionMask = 2147483647;
			files = (
				7F38FEAD23CE577100BEF547 /* Hackwich_1UITests.swift in Sources */,
			);
			runOnlyForDeploymentPostprocessing = 0;
		};
/* End PBXSourcesBuildPhase section */

/* Begin PBXTargetDependency section */
		7F38FE9F23CE577100BEF547 /* PBXTargetDependency */ = {
			isa = PBXTargetDependency;
			target = 7F38FE8823CE576F00BEF547 /* Hackwich 1 */;
			targetProxy = 7F38FE9E23CE577100BEF547 /* PBXContainerItemProxy */;
		};
		7F38FEAA23CE577100BEF547 /* PBXTargetDependency */ = {
			isa = PBXTargetDependency;
			target = 7F38FE8823CE576F00BEF547 /* Hackwich 1 */;
			targetProxy = 7F38FEA923CE577100BEF547 /* PBXContainerItemProxy */;
		};
/* End PBXTargetDependency section */

/* Begin PBXVariantGroup section */
		7F38FE9023CE577000BEF547 /* Main.storyboard */ = {
			isa = PBXVariantGroup;
			children = (
				7F38FE9123CE577000BEF547 /* Base */,
			);
			name = Main.storyboard;
			sourceTree = "<group>";
		};
		7F38FE9523CE577100BEF547 /* LaunchScreen.storyboard */ = {
			isa = PBXVariantGroup;
			children = (
				7F38FE9623CE577100BEF547 /* Base */,
			);
			name = LaunchScreen.storyboard;
			sourceTree = "<group>";
		};
/* End PBXVariantGroup section */

/* Begin XCBuildConfiguration section */
		7F38FEAF23CE577100BEF547 /* Debug */ = {
			isa = XCBuildConfiguration;
			buildSettings = {
				ALWAYS_SEARCH_USER_PATHS = NO;
				CLANG_ANALYZER_NONNULL = YES;
				CLANG_ANALYZER_NUMBER_OBJECT_CONVERSION = YES_AGGRESSIVE;
				CLANG_CXX_LANGUAGE_STANDARD = "gnu++14";
				CLANG_CXX_LIBRARY = "libc++";
				CLANG_ENABLE_MODULES = YES;
				CLANG_ENABLE_OBJC_ARC = YES;
				CLANG_ENABLE_OBJC_WEAK = YES;
				CLANG_WARN_BLOCK_CAPTURE_AUTORELEASING = YES;
				CLANG_WARN_BOOL_CONVERSION = YES;
				CLANG_WARN_COMMA = YES;
				CLANG_WARN_CONSTANT_CONVERSION = YES;
				CLANG_WARN_DEPRECATED_OBJC_IMPLEMENTATIONS = YES;
				CLANG_WARN_DIRECT_OBJC_ISA_USAGE = YES_ERROR;
				CLANG_WARN_DOCUMENTATION_COMMENTS = YES;
				CLANG_WARN_EMPTY_BODY = YES;
				CLANG_WARN_ENUM_CONVERSION = YES;
				CLANG_WARN_INFINITE_RECURSION = YES;
				CLANG_WARN_INT_CONVERSION = YES;
				CLANG_WARN_NON_LITERAL_NULL_CONVERSION = YES;
				CLANG_WARN_OBJC_IMPLICIT_RETAIN_SELF = YES;
				CLANG_WARN_OBJC_LITERAL_CONVERSION = YES;
				CLANG_WARN_OBJC_ROOT_CLASS = YES_ERROR;
				CLANG_WARN_RANGE_LOOP_ANALYSIS = YES;
				CLANG_WARN_STRICT_PROTOTYPES = YES;
				CLANG_WARN_SUSPICIOUS_MOVE = YES;
				CLANG_WARN_UNGUARDED_AVAILABILITY = YES_AGGRESSIVE;
				CLANG_WARN_UNREACHABLE_CODE = YES;
				CLANG_WARN__DUPLICATE_METHOD_MATCH = YES;
				CODE_SIGN_IDENTITY = "iPhone Developer";
				COPY_PHASE_STRIP = NO;
				DEBUG_INFORMATION_FORMAT = dwarf;
				ENABLE_STRICT_OBJC_MSGSEND = YES;
				ENABLE_TESTABILITY = YES;
				GCC_C_LANGUAGE_STANDARD = gnu11;
				GCC_DYNAMIC_NO_PIC = NO;
				GCC_NO_COMMON_BLOCKS = YES;
				GCC_OPTIMIZATION_LEVEL = 0;
				GCC_PREPROCESSOR_DEFINITIONS = (
					"DEBUG=1",
					"$(inherited)",
				);
				GCC_WARN_64_TO_32_BIT_CONVERSION = YES;
				GCC_WARN_ABOUT_RETURN_TYPE = YES_ERROR;
				GCC_WARN_UNDECLARED_SELECTOR = YES;
				GCC_WARN_UNINITIALIZED_AUTOS = YES_AGGRESSIVE;
				GCC_WARN_UNUSED_FUNCTION = YES;
				GCC_WARN_UNUSED_VARIABLE = YES;
				IPHONEOS_DEPLOYMENT_TARGET = 12.1;
				MTL_ENABLE_DEBUG_INFO = INCLUDE_SOURCE;
				MTL_FAST_MATH = YES;
				ONLY_ACTIVE_ARCH = YES;
				SDKROOT = iphoneos;
				SWIFT_ACTIVE_COMPILATION_CONDITIONS = DEBUG;
				SWIFT_OPTIMIZATION_LEVEL = "-Onone";
			};
			name = Debug;
		};
		7F38FEB023CE577100BEF547 /* Release */ = {
			isa = XCBuildConfiguration;
			buildSettings = {
				ALWAYS_SEARCH_USER_PATHS = NO;
				CLANG_ANALYZER_NONNULL = YES;
				CLANG_ANALYZER_NUMBER_OBJECT_CONVERSION = YES_AGGRESSIVE;
				CLANG_CXX_LANGUAGE_STANDARD = "gnu++14";
				CLANG_CXX_LIBRARY = "libc++";
				CLANG_ENABLE_MODULES = YES;
				CLANG_ENABLE_OBJC_ARC = YES;
				CLANG_ENABLE_OBJC_WEAK = YES;
				CLANG_WARN_BLOCK_CAPTURE_AUTORELEASING = YES;
				CLANG_WARN_BOOL_CONVERSION = YES;
				CLANG_WARN_COMMA = YES;
				CLANG_WARN_CONSTANT_CONVERSION = YES;
				CLANG_WARN_DEPRECATED_OBJC_IMPLEMENTATIONS = YES;
				CLANG_WARN_DIRECT_OBJC_ISA_USAGE = YES_ERROR;
				CLANG_WARN_DOCUMENTATION_COMMENTS = YES;
				CLANG_WARN_EMPTY_BODY = YES;
				CLANG_WARN_ENUM_CONVERSION = YES;
				CLANG_WARN_INFINITE_RECURSION = YES;
				CLANG_WARN_INT_CONVERSION = YES;
				CLANG_WARN_NON_LITERAL_NULL_CONVERSION = YES;
				CLANG_WARN_OBJC_IMPLICIT_RETAIN_SELF = YES;
				CLANG_WARN_OBJC_LITERAL_CONVERSION = YES;
				CLANG_WARN_OBJC_ROOT_CLASS = YES_ERROR;
				CLANG_WARN_RANGE_LOOP_ANALYSIS = YES;
				CLANG_WARN_STRICT_PROTOTYPES = YES;
				CLANG_WARN_SUSPICIOUS_MOVE = YES;
				CLANG_WARN_UNGUARDED_AVAILABILITY = YES_AGGRESSIVE;
				CLANG_WARN_UNREACHABLE_CODE = YES;
				CLANG_WARN__DUPLICATE_METHOD_MATCH = YES;
				CODE_SIGN_IDENTITY = "iPhone Developer";
				COPY_PHASE_STRIP = NO;
				DEBUG_INFORMATION_FORMAT = "dwarf-with-dsym";
				ENABLE_NS_ASSERTIONS = NO;
				ENABLE_STRICT_OBJC_MSGSEND = YES;
				GCC_C_LANGUAGE_STANDARD = gnu11;
				GCC_NO_COMMON_BLOCKS = YES;
				GCC_WARN_64_TO_32_BIT_CONVERSION = YES;
				GCC_WARN_ABOUT_RETURN_TYPE = YES_ERROR;
				GCC_WARN_UNDECLARED_SELECTOR = YES;
				GCC_WARN_UNINITIALIZED_AUTOS = YES_AGGRESSIVE;
				GCC_WARN_UNUSED_FUNCTION = YES;
				GCC_WARN_UNUSED_VARIABLE = YES;
				IPHONEOS_DEPLOYMENT_TARGET = 12.1;
				MTL_ENABLE_DEBUG_INFO = NO;
				MTL_FAST_MATH = YES;
				SDKROOT = iphoneos;
				SWIFT_COMPILATION_MODE = wholemodule;
				SWIFT_OPTIMIZATION_LEVEL = "-O";
				VALIDATE_PRODUCT = YES;
			};
			name = Release;
		};
		7F38FEB223CE577100BEF547 /* Debug */ = {
			isa = XCBuildConfiguration;
			buildSettings = {
				ASSETCATALOG_COMPILER_APPICON_NAME = AppIcon;
				CODE_SIGN_STYLE = Automatic;
				INFOPLIST_FILE = "Hackwich 1/Info.plist";
				LD_RUNPATH_SEARCH_PATHS = (
					"$(inherited)",
					"@executable_path/Frameworks",
				);
				PRODUCT_BUNDLE_IDENTIFIER = "uhwo.Hackwich-1";
				PRODUCT_NAME = "$(TARGET_NAME)";
				SWIFT_VERSION = 4.2;
				TARGETED_DEVICE_FAMILY = "1,2";
			};
			name = Debug;
		};
		7F38FEB323CE577100BEF547 /* Release */ = {
			isa = XCBuildConfiguration;
			buildSettings = {
				ASSETCATALOG_COMPILER_APPICON_NAME = AppIcon;
				CODE_SIGN_STYLE = Automatic;
				INFOPLIST_FILE = "Hackwich 1/Info.plist";
				LD_RUNPATH_SEARCH_PATHS = (
					"$(inherited)",
					"@executable_path/Frameworks",
				);
				PRODUCT_BUNDLE_IDENTIFIER = "uhwo.Hackwich-1";
				PRODUCT_NAME = "$(TARGET_NAME)";
				SWIFT_VERSION = 4.2;
				TARGETED_DEVICE_FAMILY = "1,2";
			};
			name = Release;
		};
		7F38FEB523CE577100BEF547 /* Debug */ = {
			isa = XCBuildConfiguration;
			buildSettings = {
				ALWAYS_EMBED_SWIFT_STANDARD_LIBRARIES = YES;
				BUNDLE_LOADER = "$(TEST_HOST)";
				CODE_SIGN_STYLE = Automatic;
				INFOPLIST_FILE = "Hackwich 1Tests/Info.plist";
				LD_RUNPATH_SEARCH_PATHS = (
					"$(inherited)",
					"@executable_path/Frameworks",
					"@loader_path/Frameworks",
				);
				PRODUCT_BUNDLE_IDENTIFIER = "uhwo.Hackwich-1Tests";
				PRODUCT_NAME = "$(TARGET_NAME)";
				SWIFT_VERSION = 4.2;
				TARGETED_DEVICE_FAMILY = "1,2";
				TEST_HOST = "$(BUILT_PRODUCTS_DIR)/Hackwich 1.app/Hackwich 1";
			};
			name = Debug;
		};
		7F38FEB623CE577100BEF547 /* Release */ = {
			isa = XCBuildConfiguration;
			buildSettings = {
				ALWAYS_EMBED_SWIFT_STANDARD_LIBRARIES = YES;
				BUNDLE_LOADER = "$(TEST_HOST)";
				CODE_SIGN_STYLE = Automatic;
				INFOPLIST_FILE = "Hackwich 1Tests/Info.plist";
				LD_RUNPATH_SEARCH_PATHS = (
					"$(inherited)",
					"@executable_path/Frameworks",
					"@loader_path/Frameworks",
				);
				PRODUCT_BUNDLE_IDENTIFIER = "uhwo.Hackwich-1Tests";
				PRODUCT_NAME = "$(TARGET_NAME)";
				SWIFT_VERSION = 4.2;
				TARGETED_DEVICE_FAMILY = "1,2";
				TEST_HOST = "$(BUILT_PRODUCTS_DIR)/Hackwich 1.app/Hackwich 1";
			};
			name = Release;
		};
		7F38FEB823CE577100BEF547 /* Debug */ = {
			isa = XCBuildConfiguration;
			buildSettings = {
				ALWAYS_EMBED_SWIFT_STANDARD_LIBRARIES = YES;
				CODE_SIGN_STYLE = Automatic;
				INFOPLIST_FILE = "Hackwich 1UITests/Info.plist";
				LD_RUNPATH_SEARCH_PATHS = (
					"$(inherited)",
					"@executable_path/Frameworks",
					"@loader_path/Frameworks",
				);
				PRODUCT_BUNDLE_IDENTIFIER = "uhwo.Hackwich-1UITests";
				PRODUCT_NAME = "$(TARGET_NAME)";
				SWIFT_VERSION = 4.2;
				TARGETED_DEVICE_FAMILY = "1,2";
				TEST_TARGET_NAME = "Hackwich 1";
			};
			name = Debug;
		};
		7F38FEB923CE577100BEF547 /* Release */ = {
			isa = XCBuildConfiguration;
			buildSettings = {
				ALWAYS_EMBED_SWIFT_STANDARD_LIBRARIES = YES;
				CODE_SIGN_STYLE = Automatic;
				INFOPLIST_FILE = "Hackwich 1UITests/Info.plist";
				LD_RUNPATH_SEARCH_PATHS = (
					"$(inherited)",
					"@executable_path/Frameworks",
					"@loader_path/Frameworks",
				);
				PRODUCT_BUNDLE_IDENTIFIER = "uhwo.Hackwich-1UITests";
				PRODUCT_NAME = "$(TARGET_NAME)";
				SWIFT_VERSION = 4.2;
				TARGETED_DEVICE_FAMILY = "1,2";
				TEST_TARGET_NAME = "Hackwich 1";
			};
			name = Release;
		};
/* End XCBuildConfiguration section */

/* Begin XCConfigurationList section */
		7F38FE8423CE576F00BEF547 /* Build configuration list for PBXProject "Hackwich 1" */ = {
			isa = XCConfigurationList;
			buildConfigurations = (
				7F38FEAF23CE577100BEF547 /* Debug */,
				7F38FEB023CE577100BEF547 /* Release */,
			);
			defaultConfigurationIsVisible = 0;
			defaultConfigurationName = Release;
		};
		7F38FEB123CE577100BEF547 /* Build configuration list for PBXNativeTarget "Hackwich 1" */ = {
			isa = XCConfigurationList;
			buildConfigurations = (
				7F38FEB223CE577100BEF547 /* Debug */,
				7F38FEB323CE577100BEF547 /* Release */,
			);
			defaultConfigurationIsVisible = 0;
			defaultConfigurationName = Release;
		};
		7F38FEB423CE577100BEF547 /* Build configuration list for PBXNativeTarget "Hackwich 1Tests" */ = {
			isa = XCConfigurationList;
			buildConfigurations = (
				7F38FEB523CE577100BEF547 /* Debug */,
				7F38FEB623CE577100BEF547 /* Release */,
			);
			defaultConfigurationIsVisible = 0;
			defaultConfigurationName = Release;
		};
		7F38FEB723CE577100BEF547 /* Build configuration list for PBXNativeTarget "Hackwich 1UITests" */ = {
			isa = XCConfigurationList;
			buildConfigurations = (
				7F38FEB823CE577100BEF547 /* Debug */,
				7F38FEB923CE577100BEF547 /* Release */,
			);
			defaultConfigurationIsVisible = 0;
			defaultConfigurationName = Release;
		};
/* End XCConfigurationList section */
	};
	rootObject = 7F38FE8123CE576F00BEF547 /* Project object */;
}
